
Microsoft Visual Studio Solution File, Format Version 12.00
# Visual Studio Version 17
VisualStudioVersion = 17.14.36109.1 d17.14
MinimumVisualStudioVersion = 10.0.40219.1
Project("{54A90642-561A-4BB1-A94E-469ADEE60C69}") = "primerproyecto", "PrimerProyecto\primerproyecto.esproj", "{A594C98E-683E-DADB-9EDF-B9F4E337B19C}"
EndProject
Global
	GlobalSection(SolutionConfigurationPlatforms) = preSolution
		Debug|Any CPU = Debug|Any CPU
		Release|Any CPU = Release|Any CPU
	EndGlobalSection
	GlobalSection(ProjectConfigurationPlatforms) = postSolution
		{A594C98E-683E-DADB-9EDF-B9F4E337B19C}.Debug|Any CPU.ActiveCfg = Debug|Any CPU
		{A594C98E-683E-DADB-9EDF-B9F4E337B19C}.Debug|Any CPU.Build.0 = Debug|Any CPU
		{A594C98E-683E-DADB-9EDF-B9F4E337B19C}.Debug|Any CPU.Deploy.0 = Debug|Any CPU
		{A594C98E-683E-DADB-9EDF-B9F4E337B19C}.Release|Any CPU.ActiveCfg = Release|Any CPU
		{A594C98E-683E-DADB-9EDF-B9F4E337B19C}.Release|Any CPU.Build.0 = Release|Any CPU
		{A594C98E-683E-DADB-9EDF-B9F4E337B19C}.Release|Any CPU.Deploy.0 = Release|Any CPU
	EndGlobalSection
	GlobalSection(SolutionProperties) = preSolution
		HideSolutionNode = FALSE
	EndGlobalSection
	GlobalSection(ExtensibilityGlobals) = postSolution
		SolutionGuid = {FE074A90-8318-4BD1-BFB8-4123AEC1D314}
	EndGlobalSection
EndGlobal
